
Microsoft Visual Studio Solution File, Format Version 12.00
# Visual Studio Version 17
VisualStudioVersion = 17.13.35931.197 d17.13
MinimumVisualStudioVersion = 10.0.40219.1
Project("{FAE04EC0-301F-11D3-BF4B-00C04F79EFBC}") = "EmployeeLeaveMS.API", "EmployeeLeaveMS.API\EmployeeLeaveMS.API.csproj", "{F361C6B1-1008-4BC2-83E9-66E53AD5370E}"
EndProject
Project("{FAE04EC0-301F-11D3-BF4B-00C04F79EFBC}") = "EmployeeLeaveMS.Infrastructure", "EmployeeLeaveMS.Infrastructure\EmployeeLeaveMS.Infrastructure.csproj", "{9C9DBB2C-E479-42D8-AAAB-9826C2F1BEFD}"
EndProject
Project("{FAE04EC0-301F-11D3-BF4B-00C04F79EFBC}") = "EmployeeLeaveMS.Application", "EmployeeLeaveMS.Application\EmployeeLeaveMS.Application.csproj", "{ED2F285E-B645-48FA-BC5E-BFCF1B63886F}"
EndProject
Project("{FAE04EC0-301F-11D3-BF4B-00C04F79EFBC}") = "EmployeeLeaveMS.Domain", "EmployeeLeaveMS.Domain\EmployeeLeaveMS.Domain.csproj", "{4617E001-62D2-4ADC-8086-93FA99A8C444}"
EndProject
Global
	GlobalSection(SolutionConfigurationPlatforms) = preSolution
		Debug|Any CPU = Debug|Any CPU
		Release|Any CPU = Release|Any CPU
	EndGlobalSection
	GlobalSection(ProjectConfigurationPlatforms) = postSolution
		{F361C6B1-1008-4BC2-83E9-66E53AD5370E}.Debug|Any CPU.ActiveCfg = Debug|Any CPU
		{F361C6B1-1008-4BC2-83E9-66E53AD5370E}.Debug|Any CPU.Build.0 = Debug|Any CPU
		{F361C6B1-1008-4BC2-83E9-66E53AD5370E}.Release|Any CPU.ActiveCfg = Release|Any CPU
		{F361C6B1-1008-4BC2-83E9-66E53AD5370E}.Release|Any CPU.Build.0 = Release|Any CPU
		{9C9DBB2C-E479-42D8-AAAB-9826C2F1BEFD}.Debug|Any CPU.ActiveCfg = Debug|Any CPU
		{9C9DBB2C-E479-42D8-AAAB-9826C2F1BEFD}.Debug|Any CPU.Build.0 = Debug|Any CPU
		{9C9DBB2C-E479-42D8-AAAB-9826C2F1BEFD}.Release|Any CPU.ActiveCfg = Release|Any CPU
		{9C9DBB2C-E479-42D8-AAAB-9826C2F1BEFD}.Release|Any CPU.Build.0 = Release|Any CPU
		{ED2F285E-B645-48FA-BC5E-BFCF1B63886F}.Debug|Any CPU.ActiveCfg = Debug|Any CPU
		{ED2F285E-B645-48FA-BC5E-BFCF1B63886F}.Debug|Any CPU.Build.0 = Debug|Any CPU
		{ED2F285E-B645-48FA-BC5E-BFCF1B63886F}.Release|Any CPU.ActiveCfg = Release|Any CPU
		{ED2F285E-B645-48FA-BC5E-BFCF1B63886F}.Release|Any CPU.Build.0 = Release|Any CPU
		{4617E001-62D2-4ADC-8086-93FA99A8C444}.Debug|Any CPU.ActiveCfg = Debug|Any CPU
		{4617E001-62D2-4ADC-8086-93FA99A8C444}.Debug|Any CPU.Build.0 = Debug|Any CPU
		{4617E001-62D2-4ADC-8086-93FA99A8C444}.Release|Any CPU.ActiveCfg = Release|Any CPU
		{4617E001-62D2-4ADC-8086-93FA99A8C444}.Release|Any CPU.Build.0 = Release|Any CPU
	EndGlobalSection
	GlobalSection(SolutionProperties) = preSolution
		HideSolutionNode = FALSE
	EndGlobalSection
	GlobalSection(ExtensibilityGlobals) = postSolution
		SolutionGuid = {C505A047-D5EF-4CBB-BFAA-1AD19D95FF4C}
	EndGlobalSection
EndGlobal
